
Microsoft Visual Studio Solution File, Format Version 12.00
# Visual Studio Version 16
VisualStudioVersion = 16.0.31019.35
MinimumVisualStudioVersion = 10.0.40219.1
Project("{FAE04EC0-301F-11D3-BF4B-00C04F79EFBC}") = "UserIn2", "UserIn2\UserIn2.csproj", "{84DC77D5-0071-470C-A7AF-28E61BC20448}"
EndProject
Global
	GlobalSection(SolutionConfigurationPlatforms) = preSolution
		Debug|Any CPU = Debug|Any CPU
		Release|Any CPU = Release|Any CPU
	EndGlobalSection
	GlobalSection(ProjectConfigurationPlatforms) = postSolution
		{84DC77D5-0071-470C-A7AF-28E61BC20448}.Debug|Any CPU.ActiveCfg = Debug|Any CPU
		{84DC77D5-0071-470C-A7AF-28E61BC20448}.Debug|Any CPU.Build.0 = Debug|Any CPU
		{84DC77D5-0071-470C-A7AF-28E61BC20448}.Release|Any CPU.ActiveCfg = Release|Any CPU
		{84DC77D5-0071-470C-A7AF-28E61BC20448}.Release|Any CPU.Build.0 = Release|Any CPU
	EndGlobalSection
	GlobalSection(SolutionProperties) = preSolution
		HideSolutionNode = FALSE
	EndGlobalSection
	GlobalSection(ExtensibilityGlobals) = postSolution
		SolutionGuid = {9B12D909-AB64-4DB5-BBAB-38A5EEB27103}
	EndGlobalSection
EndGlobal
