
Microsoft Visual Studio Solution File, Format Version 12.00
# Visual Studio Version 16
VisualStudioVersion = 16.0.31019.35
MinimumVisualStudioVersion = 10.0.40219.1
Project("{FAE04EC0-301F-11D3-BF4B-00C04F79EFBC}") = "LINQsql_m", "LINQsql_m\LINQsql_m.csproj", "{D0F0AF08-894B-498A-B659-E9BFEE1F6F88}"
EndProject
Global
	GlobalSection(SolutionConfigurationPlatforms) = preSolution
		Debug|Any CPU = Debug|Any CPU
		Release|Any CPU = Release|Any CPU
	EndGlobalSection
	GlobalSection(ProjectConfigurationPlatforms) = postSolution
		{D0F0AF08-894B-498A-B659-E9BFEE1F6F88}.Debug|Any CPU.ActiveCfg = Debug|Any CPU
		{D0F0AF08-894B-498A-B659-E9BFEE1F6F88}.Debug|Any CPU.Build.0 = Debug|Any CPU
		{D0F0AF08-894B-498A-B659-E9BFEE1F6F88}.Release|Any CPU.ActiveCfg = Release|Any CPU
		{D0F0AF08-894B-498A-B659-E9BFEE1F6F88}.Release|Any CPU.Build.0 = Release|Any CPU
	EndGlobalSection
	GlobalSection(SolutionProperties) = preSolution
		HideSolutionNode = FALSE
	EndGlobalSection
	GlobalSection(ExtensibilityGlobals) = postSolution
		SolutionGuid = {2382E76B-4314-4FE7-94F3-3B27CCE57DF0}
	EndGlobalSection
EndGlobal
