
Microsoft Visual Studio Solution File, Format Version 12.00
# Visual Studio Version 16
VisualStudioVersion = 16.0.31019.35
MinimumVisualStudioVersion = 10.0.40219.1
Project("{FAE04EC0-301F-11D3-BF4B-00C04F79EFBC}") = "Param", "Param\Param.csproj", "{A0772159-368B-43F1-8B71-245FD70571E7}"
EndProject
Global
	GlobalSection(SolutionConfigurationPlatforms) = preSolution
		Debug|Any CPU = Debug|Any CPU
		Release|Any CPU = Release|Any CPU
	EndGlobalSection
	GlobalSection(ProjectConfigurationPlatforms) = postSolution
		{A0772159-368B-43F1-8B71-245FD70571E7}.Debug|Any CPU.ActiveCfg = Debug|Any CPU
		{A0772159-368B-43F1-8B71-245FD70571E7}.Debug|Any CPU.Build.0 = Debug|Any CPU
		{A0772159-368B-43F1-8B71-245FD70571E7}.Release|Any CPU.ActiveCfg = Release|Any CPU
		{A0772159-368B-43F1-8B71-245FD70571E7}.Release|Any CPU.Build.0 = Release|Any CPU
	EndGlobalSection
	GlobalSection(SolutionProperties) = preSolution
		HideSolutionNode = FALSE
	EndGlobalSection
	GlobalSection(ExtensibilityGlobals) = postSolution
		SolutionGuid = {E1B8A9C5-E60A-41CA-96B2-B3CCF38A4C11}
	EndGlobalSection
EndGlobal
