
Microsoft Visual Studio Solution File, Format Version 12.00
# Visual Studio Version 16
VisualStudioVersion = 16.0.31019.35
MinimumVisualStudioVersion = 10.0.40219.1
Project("{FAE04EC0-301F-11D3-BF4B-00C04F79EFBC}") = "WorkingDataTable", "WorkingDataTable\WorkingDataTable.csproj", "{08679CA8-9EC6-4D78-9BCE-12A3E98C4FAB}"
EndProject
Global
	GlobalSection(SolutionConfigurationPlatforms) = preSolution
		Debug|Any CPU = Debug|Any CPU
		Release|Any CPU = Release|Any CPU
	EndGlobalSection
	GlobalSection(ProjectConfigurationPlatforms) = postSolution
		{08679CA8-9EC6-4D78-9BCE-12A3E98C4FAB}.Debug|Any CPU.ActiveCfg = Debug|Any CPU
		{08679CA8-9EC6-4D78-9BCE-12A3E98C4FAB}.Debug|Any CPU.Build.0 = Debug|Any CPU
		{08679CA8-9EC6-4D78-9BCE-12A3E98C4FAB}.Release|Any CPU.ActiveCfg = Release|Any CPU
		{08679CA8-9EC6-4D78-9BCE-12A3E98C4FAB}.Release|Any CPU.Build.0 = Release|Any CPU
	EndGlobalSection
	GlobalSection(SolutionProperties) = preSolution
		HideSolutionNode = FALSE
	EndGlobalSection
	GlobalSection(ExtensibilityGlobals) = postSolution
		SolutionGuid = {C1A0D5AF-7306-4061-B9A8-0D733DDD03ED}
	EndGlobalSection
EndGlobal
