
Microsoft Visual Studio Solution File, Format Version 12.00
# Visual Studio Version 16
VisualStudioVersion = 16.0.31019.35
MinimumVisualStudioVersion = 10.0.40219.1
Project("{FAE04EC0-301F-11D3-BF4B-00C04F79EFBC}") = "DataBindingSimple", "DataBindingSimple\DataBindingSimple.csproj", "{A1C89404-6DB8-40E8-8569-A3AA9408BAD9}"
EndProject
Global
	GlobalSection(SolutionConfigurationPlatforms) = preSolution
		Debug|Any CPU = Debug|Any CPU
		Release|Any CPU = Release|Any CPU
	EndGlobalSection
	GlobalSection(ProjectConfigurationPlatforms) = postSolution
		{A1C89404-6DB8-40E8-8569-A3AA9408BAD9}.Debug|Any CPU.ActiveCfg = Debug|Any CPU
		{A1C89404-6DB8-40E8-8569-A3AA9408BAD9}.Debug|Any CPU.Build.0 = Debug|Any CPU
		{A1C89404-6DB8-40E8-8569-A3AA9408BAD9}.Release|Any CPU.ActiveCfg = Release|Any CPU
		{A1C89404-6DB8-40E8-8569-A3AA9408BAD9}.Release|Any CPU.Build.0 = Release|Any CPU
	EndGlobalSection
	GlobalSection(SolutionProperties) = preSolution
		HideSolutionNode = FALSE
	EndGlobalSection
	GlobalSection(ExtensibilityGlobals) = postSolution
		SolutionGuid = {915E1393-875D-4C99-9CCE-9F6385CD88E4}
	EndGlobalSection
EndGlobal
