
Microsoft Visual Studio Solution File, Format Version 12.00
# Visual Studio Version 16
VisualStudioVersion = 16.0.31019.35
MinimumVisualStudioVersion = 10.0.40219.1
Project("{FAE04EC0-301F-11D3-BF4B-00C04F79EFBC}") = "ExpenseIt", "ExpenseIt\ExpenseIt.csproj", "{0C7ABD0E-D604-4B6A-A30E-698C11830B3A}"
EndProject
Global
	GlobalSection(SolutionConfigurationPlatforms) = preSolution
		Debug|Any CPU = Debug|Any CPU
		Release|Any CPU = Release|Any CPU
	EndGlobalSection
	GlobalSection(ProjectConfigurationPlatforms) = postSolution
		{0C7ABD0E-D604-4B6A-A30E-698C11830B3A}.Debug|Any CPU.ActiveCfg = Debug|Any CPU
		{0C7ABD0E-D604-4B6A-A30E-698C11830B3A}.Debug|Any CPU.Build.0 = Debug|Any CPU
		{0C7ABD0E-D604-4B6A-A30E-698C11830B3A}.Release|Any CPU.ActiveCfg = Release|Any CPU
		{0C7ABD0E-D604-4B6A-A30E-698C11830B3A}.Release|Any CPU.Build.0 = Release|Any CPU
	EndGlobalSection
	GlobalSection(SolutionProperties) = preSolution
		HideSolutionNode = FALSE
	EndGlobalSection
	GlobalSection(ExtensibilityGlobals) = postSolution
		SolutionGuid = {EFF6AEA7-B87A-4395-8F4C-2E26190FF8FD}
	EndGlobalSection
EndGlobal
