
Microsoft Visual Studio Solution File, Format Version 12.00
# Visual Studio Version 16
VisualStudioVersion = 16.0.31019.35
MinimumVisualStudioVersion = 10.0.40219.1
Project("{FAE04EC0-301F-11D3-BF4B-00C04F79EFBC}") = "DataAdapterProgram", "DataAdapterProgram\DataAdapterProgram.csproj", "{B45C5A55-38AB-4753-B867-2EBB2B8F5A72}"
EndProject
Global
	GlobalSection(SolutionConfigurationPlatforms) = preSolution
		Debug|Any CPU = Debug|Any CPU
		Release|Any CPU = Release|Any CPU
	EndGlobalSection
	GlobalSection(ProjectConfigurationPlatforms) = postSolution
		{B45C5A55-38AB-4753-B867-2EBB2B8F5A72}.Debug|Any CPU.ActiveCfg = Debug|Any CPU
		{B45C5A55-38AB-4753-B867-2EBB2B8F5A72}.Debug|Any CPU.Build.0 = Debug|Any CPU
		{B45C5A55-38AB-4753-B867-2EBB2B8F5A72}.Release|Any CPU.ActiveCfg = Release|Any CPU
		{B45C5A55-38AB-4753-B867-2EBB2B8F5A72}.Release|Any CPU.Build.0 = Release|Any CPU
	EndGlobalSection
	GlobalSection(SolutionProperties) = preSolution
		HideSolutionNode = FALSE
	EndGlobalSection
	GlobalSection(ExtensibilityGlobals) = postSolution
		SolutionGuid = {98C646DA-1F23-4869-A4CC-641F0BC48740}
	EndGlobalSection
EndGlobal
