
Microsoft Visual Studio Solution File, Format Version 12.00
# Visual Studio Version 16
VisualStudioVersion = 16.0.31019.35
MinimumVisualStudioVersion = 10.0.40219.1
Project("{FAE04EC0-301F-11D3-BF4B-00C04F79EFBC}") = "WpfRoutedEvent_2_2", "WpfRoutedEvent_2_2\WpfRoutedEvent_2_2.csproj", "{A9482FA0-8256-43FE-B723-FD0C25BC9CBF}"
EndProject
Global
	GlobalSection(SolutionConfigurationPlatforms) = preSolution
		Debug|Any CPU = Debug|Any CPU
		Release|Any CPU = Release|Any CPU
	EndGlobalSection
	GlobalSection(ProjectConfigurationPlatforms) = postSolution
		{A9482FA0-8256-43FE-B723-FD0C25BC9CBF}.Debug|Any CPU.ActiveCfg = Debug|Any CPU
		{A9482FA0-8256-43FE-B723-FD0C25BC9CBF}.Debug|Any CPU.Build.0 = Debug|Any CPU
		{A9482FA0-8256-43FE-B723-FD0C25BC9CBF}.Release|Any CPU.ActiveCfg = Release|Any CPU
		{A9482FA0-8256-43FE-B723-FD0C25BC9CBF}.Release|Any CPU.Build.0 = Release|Any CPU
	EndGlobalSection
	GlobalSection(SolutionProperties) = preSolution
		HideSolutionNode = FALSE
	EndGlobalSection
	GlobalSection(ExtensibilityGlobals) = postSolution
		SolutionGuid = {C0A4E6E6-1700-4887-9705-C108B3D0E9DE}
	EndGlobalSection
EndGlobal
