
Microsoft Visual Studio Solution File, Format Version 12.00
# Visual Studio Version 16
VisualStudioVersion = 16.0.31019.35
MinimumVisualStudioVersion = 10.0.40219.1
Project("{FAE04EC0-301F-11D3-BF4B-00C04F79EFBC}") = "LINQsql_1", "LINQsql_1\LINQsql_1.csproj", "{132A0A1D-B90A-4F6E-ACCC-78CF55772FAB}"
EndProject
Global
	GlobalSection(SolutionConfigurationPlatforms) = preSolution
		Debug|Any CPU = Debug|Any CPU
		Release|Any CPU = Release|Any CPU
	EndGlobalSection
	GlobalSection(ProjectConfigurationPlatforms) = postSolution
		{132A0A1D-B90A-4F6E-ACCC-78CF55772FAB}.Debug|Any CPU.ActiveCfg = Debug|Any CPU
		{132A0A1D-B90A-4F6E-ACCC-78CF55772FAB}.Debug|Any CPU.Build.0 = Debug|Any CPU
		{132A0A1D-B90A-4F6E-ACCC-78CF55772FAB}.Release|Any CPU.ActiveCfg = Release|Any CPU
		{132A0A1D-B90A-4F6E-ACCC-78CF55772FAB}.Release|Any CPU.Build.0 = Release|Any CPU
	EndGlobalSection
	GlobalSection(SolutionProperties) = preSolution
		HideSolutionNode = FALSE
	EndGlobalSection
	GlobalSection(ExtensibilityGlobals) = postSolution
		SolutionGuid = {F69BAAD1-2D1C-4B18-9017-FF35EE4568C7}
	EndGlobalSection
EndGlobal
